
Microsoft Visual Studio Solution File, Format Version 12.00
# Visual Studio Version 16
VisualStudioVersion = 16.0.31515.178
MinimumVisualStudioVersion = 10.0.40219.1
Project("{FAE04EC0-301F-11D3-BF4B-00C04F79EFBC}") = "LegoMinifigures", "LegoMinifigures\LegoMinifigures.csproj", "{2354A330-5514-4BF9-AF08-BBAAF6CA71B2}"
EndProject
Global
	GlobalSection(SolutionConfigurationPlatforms) = preSolution
		Debug|Any CPU = Debug|Any CPU
		Release|Any CPU = Release|Any CPU
	EndGlobalSection
	GlobalSection(ProjectConfigurationPlatforms) = postSolution
		{2354A330-5514-4BF9-AF08-BBAAF6CA71B2}.Debug|Any CPU.ActiveCfg = Debug|Any CPU
		{2354A330-5514-4BF9-AF08-BBAAF6CA71B2}.Debug|Any CPU.Build.0 = Debug|Any CPU
		{2354A330-5514-4BF9-AF08-BBAAF6CA71B2}.Release|Any CPU.ActiveCfg = Release|Any CPU
		{2354A330-5514-4BF9-AF08-BBAAF6CA71B2}.Release|Any CPU.Build.0 = Release|Any CPU
	EndGlobalSection
	GlobalSection(SolutionProperties) = preSolution
		HideSolutionNode = FALSE
	EndGlobalSection
	GlobalSection(ExtensibilityGlobals) = postSolution
		SolutionGuid = {08AF6D1A-1D97-4B2A-B5A2-A2B34782CE4A}
	EndGlobalSection
EndGlobal
